
Microsoft Visual Studio Solution File, Format Version 12.00
# Visual Studio Version 17
VisualStudioVersion = 17.14.37012.4
MinimumVisualStudioVersion = 10.0.40219.1
Project("{FAE04EC0-301F-11D3-BF4B-00C04F79EFBC}") = "Innerbank", "Innerbank\Innerbank.csproj", "{2B48FFCE-B524-4E7A-B7EE-A5E7EAC2E766}"
EndProject
Project("{FAE04EC0-301F-11D3-BF4B-00C04F79EFBC}") = "LoadingSpinnerControl", "LoadingSpinnerControl\LoadingSpinnerControl.csproj", "{A9EA4016-AB20-45EB-9382-7A3C3A024EF7}"
EndProject
Global
	GlobalSection(SolutionConfigurationPlatforms) = preSolution
		Debug|Any CPU = Debug|Any CPU
		Release|Any CPU = Release|Any CPU
	EndGlobalSection
	GlobalSection(ProjectConfigurationPlatforms) = postSolution
		{2B48FFCE-B524-4E7A-B7EE-A5E7EAC2E766}.Debug|Any CPU.ActiveCfg = Debug|Any CPU
		{2B48FFCE-B524-4E7A-B7EE-A5E7EAC2E766}.Debug|Any CPU.Build.0 = Debug|Any CPU
		{2B48FFCE-B524-4E7A-B7EE-A5E7EAC2E766}.Release|Any CPU.ActiveCfg = Release|Any CPU
		{2B48FFCE-B524-4E7A-B7EE-A5E7EAC2E766}.Release|Any CPU.Build.0 = Release|Any CPU
		{A9EA4016-AB20-45EB-9382-7A3C3A024EF7}.Debug|Any CPU.ActiveCfg = Debug|Any CPU
		{A9EA4016-AB20-45EB-9382-7A3C3A024EF7}.Debug|Any CPU.Build.0 = Debug|Any CPU
		{A9EA4016-AB20-45EB-9382-7A3C3A024EF7}.Release|Any CPU.ActiveCfg = Release|Any CPU
		{A9EA4016-AB20-45EB-9382-7A3C3A024EF7}.Release|Any CPU.Build.0 = Release|Any CPU
	EndGlobalSection
	GlobalSection(SolutionProperties) = preSolution
		HideSolutionNode = FALSE
	EndGlobalSection
	GlobalSection(ExtensibilityGlobals) = postSolution
		SolutionGuid = {950E53D0-2F74-41A6-B12F-B72C0DC6A044}
	EndGlobalSection
EndGlobal
